
Microsoft Visual Studio Solution File, Format Version 12.00
# Visual Studio Version 17
VisualStudioVersion = 17.3.32929.385
MinimumVisualStudioVersion = 10.0.40219.1
Project("{FAE04EC0-301F-11D3-BF4B-00C04F79EFBC}") = "EstevezGayosoRosanaTarea3", "EstevezGayosoRosanaTarea3\EstevezGayosoRosanaTarea3.csproj", "{1BAD203D-03B3-4BEC-831D-E3C06C33C54E}"
EndProject
Global
	GlobalSection(SolutionConfigurationPlatforms) = preSolution
		Debug|Any CPU = Debug|Any CPU
		Release|Any CPU = Release|Any CPU
	EndGlobalSection
	GlobalSection(ProjectConfigurationPlatforms) = postSolution
		{1BAD203D-03B3-4BEC-831D-E3C06C33C54E}.Debug|Any CPU.ActiveCfg = Debug|Any CPU
		{1BAD203D-03B3-4BEC-831D-E3C06C33C54E}.Debug|Any CPU.Build.0 = Debug|Any CPU
		{1BAD203D-03B3-4BEC-831D-E3C06C33C54E}.Release|Any CPU.ActiveCfg = Release|Any CPU
		{1BAD203D-03B3-4BEC-831D-E3C06C33C54E}.Release|Any CPU.Build.0 = Release|Any CPU
	EndGlobalSection
	GlobalSection(SolutionProperties) = preSolution
		HideSolutionNode = FALSE
	EndGlobalSection
	GlobalSection(ExtensibilityGlobals) = postSolution
		SolutionGuid = {E6BB14F5-2E1E-42FE-BBAB-35F4F8ACAF01}
	EndGlobalSection
EndGlobal
